# THIS IS AN AUTOGENERATED FILE. DO NOT EDIT THIS FILE DIRECTLY.
# yarn lockfile v1


prettier@^2.7.1:
  version "2.7.1"
  resolved "https://registry.yarnpkg.com/prettier/-/prettier-2.7.1.tgz#e235806850d057f97bb08368a4f7d899f7760c64"
  integrity sha512-ujppO+MkdPqoVINuDFDRLClm7D78qbDt0/NR+wp5FqEZOoTNAjPHWj17QRhu7geIHJfcNhRk1XVQmF8Bp3ye+g==

retypeapp@^2.4.0:
  version "2.4.0"
  resolved "https://registry.yarnpkg.com/retypeapp/-/retypeapp-2.4.0.tgz#a794e3185f2ea04d22b8948df1a3d9a971d78b78"
  integrity sha512-vEND+JC0EtK1nws958J108Z14Enfvt84bYeycaLa6eCZjsVzqV4Xe6hl7amYILycp7ld0x2uhx4Wh7iVlcdoCg==
